// !$*UTF8*$!
{
	archiveVersion = 1;
	classes = {
	};
	objectVersion = 46;
	objects = {

/* Begin PBXBuildFile section */
		4FC4856F1516856500CF2824 /* UIKit.framework in Frameworks */ = {isa = PBXBuildFile; fileRef = 4FC4856E1516856500CF2824 /* UIKit.framework */; };
		4FC485711516856500CF2824 /* Foundation.framework in Frameworks */ = {isa = PBXBuildFile; fileRef = 4FC485701516856500CF2824 /* Foundation.framework */; };
		4FC485731516856500CF2824 /* CoreGraphics.framework in Frameworks */ = {isa = PBXBuildFile; fileRef = 4FC485721516856500CF2824 /* CoreGraphics.framework */; };
		4FC485791516856500CF2824 /* InfoPlist.strings in Resources */ = {isa = PBXBuildFile; fileRef = 4FC485771516856500CF2824 /* InfoPlist.strings */; };
		4FC4857B1516856500CF2824 /* main.m in Sources */ = {isa = PBXBuildFile; fileRef = 4FC4857A1516856500CF2824 /* main.m */; };
		4FC4857F1516856500CF2824 /* March22AppDelegate.m in Sources */ = {isa = PBXBuildFile; fileRef = 4FC4857E1516856500CF2824 /* March22AppDelegate.m */; };
/* End PBXBuildFile section */

/* Begin PBXFileReference section */
		4FC4856A1516856500CF2824 /* March22.app */ = {isa = PBXFileReference; explicitFileType = wrapper.application; includeInIndex = 0; path = March22.app; sourceTree = BUILT_PRODUCTS_DIR; };
		4FC4856E1516856500CF2824 /* UIKit.framework */ = {isa = PBXFileReference; lastKnownFileType = wrapper.framework; name = UIKit.framework; path = System/Library/Frameworks/UIKit.framework; sourceTree = SDKROOT; };
		4FC485701516856500CF2824 /* Foundation.framework */ = {isa = PBXFileReference; lastKnownFileType = wrapper.framework; name = Foundation.framework; path = System/Library/Frameworks/Foundation.framework; sourceTree = SDKROOT; };
		4FC485721516856500CF2824 /* CoreGraphics.framework */ = {isa = PBXFileReference; lastKnownFileType = wrapper.framework; name = CoreGraphics.framework; path = System/Library/Frameworks/CoreGraphics.framework; sourceTree = SDKROOT; };
		4FC485761516856500CF2824 /* March22-Info.plist */ = {isa = PBXFileReference; lastKnownFileType = text.plist.xml; path = "March22-Info.plist"; sourceTree = "<group>"; };
		4FC485781516856500CF2824 /* en */ = {isa = PBXFileReference; lastKnownFileType = text.plist.strings; name = en; path = en.lproj/InfoPlist.strings; sourceTree = "<group>"; };
		4FC4857A1516856500CF2824 /* main.m */ = {isa = PBXFileReference; lastKnownFileType = sourcecode.c.objc; path = main.m; sourceTree = "<group>"; };
		4FC4857C1516856500CF2824 /* March22-Prefix.pch */ = {isa = PBXFileReference; lastKnownFileType = sourcecode.c.h; path = "March22-Prefix.pch"; sourceTree = "<group>"; };
		4FC4857D1516856500CF2824 /* March22AppDelegate.h */ = {isa = PBXFileReference; lastKnownFileType = sourcecode.c.h; path = March22AppDelegate.h; sourceTree = "<group>"; };
		4FC4857E1516856500CF2824 /* March22AppDelegate.m */ = {isa = PBXFileReference; lastKnownFileType = sourcecode.c.objc; path = March22AppDelegate.m; sourceTree = "<group>"; };
/* End PBXFileReference section */

/* Begin PBXFrameworksBuildPhase section */
		4FC485671516856500CF2824 /* Frameworks */ = {
			isa = PBXFrameworksBuildPhase;
			buildActionMask = 2147483647;
			files = (
				4FC4856F1516856500CF2824 /* UIKit.framework in Frameworks */,
				4FC485711516856500CF2824 /* Foundation.framework in Frameworks */,
				4FC485731516856500CF2824 /* CoreGraphics.framework in Frameworks */,
			);
			runOnlyForDeploymentPostprocessing = 0;
		};
/* End PBXFrameworksBuildPhase section */

/* Begin PBXGroup section */
		4FC4855F1516856400CF2824 = {
			isa = PBXGroup;
			children = (
				4FC485741516856500CF2824 /* March22 */,
				4FC4856D1516856500CF2824 /* Frameworks */,
				4FC4856B1516856500CF2824 /* Products */,
			);
			sourceTree = "<group>";
		};
		4FC4856B1516856500CF2824 /* Products */ = {
			isa = PBXGroup;
			children = (
				4FC4856A1516856500CF2824 /* March22.app */,
			);
			name = Products;
			sourceTree = "<group>";
		};
		4FC4856D1516856500CF2824 /* Frameworks */ = {
			isa = PBXGroup;
			children = (
				4FC4856E1516856500CF2824 /* UIKit.framework */,
				4FC485701516856500CF2824 /* Foundation.framework */,
				4FC485721516856500CF2824 /* CoreGraphics.framework */,
			);
			name = Frameworks;
			sourceTree = "<group>";
		};
		4FC485741516856500CF2824 /* March22 */ = {
			isa = PBXGroup;
			children = (
				4FC4857D1516856500CF2824 /* March22AppDelegate.h */,
				4FC4857E1516856500CF2824 /* March22AppDelegate.m */,
				4FC485751516856500CF2824 /* Supporting Files */,
			);
			path = March22;
			sourceTree = "<group>";
		};
		4FC485751516856500CF2824 /* Supporting Files */ = {
			isa = PBXGroup;
			children = (
				4FC485761516856500CF2824 /* March22-Info.plist */,
				4FC485771516856500CF2824 /* InfoPlist.strings */,
				4FC4857A1516856500CF2824 /* main.m */,
				4FC4857C1516856500CF2824 /* March22-Prefix.pch */,
			);
			name = "Supporting Files";
			sourceTree = "<group>";
		};
/* End PBXGroup section */

/* Begin PBXNativeTarget section */
		4FC485691516856500CF2824 /* March22 */ = {
			isa = PBXNativeTarget;
			buildConfigurationList = 4FC485821516856500CF2824 /* Build configuration list for PBXNativeTarget "March22" */;
			buildPhases = (
				4FC485661516856500CF2824 /* Sources */,
				4FC485671516856500CF2824 /* Frameworks */,
				4FC485681516856500CF2824 /* Resources */,
			);
			buildRules = (
			);
			dependencies = (
			);
			name = March22;
			productName = March22;
			productReference = 4FC4856A1516856500CF2824 /* March22.app */;
			productType = "com.apple.product-type.application";
		};
/* End PBXNativeTarget section */

/* Begin PBXProject section */
		4FC485611516856400CF2824 /* Project object */ = {
			isa = PBXProject;
			attributes = {
				CLASSPREFIX = March22;
				LastUpgradeCheck = 0430;
			};
			buildConfigurationList = 4FC485641516856400CF2824 /* Build configuration list for PBXProject "March22" */;
			compatibilityVersion = "Xcode 3.2";
			developmentRegion = English;
			hasScannedForEncodings = 0;
			knownRegions = (
				en,
			);
			mainGroup = 4FC4855F1516856400CF2824;
			productRefGroup = 4FC4856B1516856500CF2824 /* Products */;
			projectDirPath = "";
			projectRoot = "";
			targets = (
				4FC485691516856500CF2824 /* March22 */,
			);
		};
/* End PBXProject section */

/* Begin PBXResourcesBuildPhase section */
		4FC485681516856500CF2824 /* Resources */ = {
			isa = PBXResourcesBuildPhase;
			buildActionMask = 2147483647;
			files = (
				4FC485791516856500CF2824 /* InfoPlist.strings in Resources */,
			);
			runOnlyForDeploymentPostprocessing = 0;
		};
/* End PBXResourcesBuildPhase section */

/* Begin PBXSourcesBuildPhase section */
		4FC485661516856500CF2824 /* Sources */ = {
			isa = PBXSourcesBuildPhase;
			buildActionMask = 2147483647;
			files = (
				4FC4857B1516856500CF2824 /* main.m in Sources */,
				4FC4857F1516856500CF2824 /* March22AppDelegate.m in Sources */,
			);
			runOnlyForDeploymentPostprocessing = 0;
		};
/* End PBXSourcesBuildPhase section */

/* Begin PBXVariantGroup section */
		4FC485771516856500CF2824 /* InfoPlist.strings */ = {
			isa = PBXVariantGroup;
			children = (
				4FC485781516856500CF2824 /* en */,
			);
			name = InfoPlist.strings;
			sourceTree = "<group>";
		};
/* End PBXVariantGroup section */

/* Begin XCBuildConfiguration section */
		4FC485801516856500CF2824 /* Debug */ = {
			isa = XCBuildConfiguration;
			buildSettings = {
				ALWAYS_SEARCH_USER_PATHS = NO;
				ARCHS = "$(ARCHS_STANDARD_32_BIT)";
				CLANG_ENABLE_OBJC_ARC = YES;
				"CODE_SIGN_IDENTITY[sdk=iphoneos*]" = "iPhone Developer";
				COPY_PHASE_STRIP = NO;
				GCC_C_LANGUAGE_STANDARD = gnu99;
				GCC_DYNAMIC_NO_PIC = NO;
				GCC_OPTIMIZATION_LEVEL = 0;
				GCC_PREPROCESSOR_DEFINITIONS = (
					"DEBUG=1",
					"$(inherited)",
				);
				GCC_SYMBOLS_PRIVATE_EXTERN = NO;
				GCC_VERSION = com.apple.compilers.llvm.clang.1_0;
				GCC_WARN_ABOUT_RETURN_TYPE = YES;
				GCC_WARN_UNINITIALIZED_AUTOS = YES;
				GCC_WARN_UNUSED_VARIABLE = YES;
				IPHONEOS_DEPLOYMENT_TARGET = 5.1;
				SDKROOT = iphoneos;
				TARGETED_DEVICE_FAMILY = "1,2";
			};
			name = Debug;
		};
		4FC485811516856500CF2824 /* Release */ = {
			isa = XCBuildConfiguration;
			buildSettings = {
				ALWAYS_SEARCH_USER_PATHS = NO;
				ARCHS = "$(ARCHS_STANDARD_32_BIT)";
				CLANG_ENABLE_OBJC_ARC = YES;
				"CODE_SIGN_IDENTITY[sdk=iphoneos*]" = "iPhone Developer";
				COPY_PHASE_STRIP = YES;
				GCC_C_LANGUAGE_STANDARD = gnu99;
				GCC_VERSION = com.apple.compilers.llvm.clang.1_0;
				GCC_WARN_ABOUT_RETURN_TYPE = YES;
				GCC_WARN_UNINITIALIZED_AUTOS = YES;
				GCC_WARN_UNUSED_VARIABLE = YES;
				IPHONEOS_DEPLOYMENT_TARGET = 5.1;
				OTHER_CFLAGS = "-DNS_BLOCK_ASSERTIONS=1";
				SDKROOT = iphoneos;
				TARGETED_DEVICE_FAMILY = "1,2";
				VALIDATE_PRODUCT = YES;
			};
			name = Release;
		};
		4FC485831516856500CF2824 /* Debug */ = {
			isa = XCBuildConfiguration;
			buildSettings = {
				GCC_PRECOMPILE_PREFIX_HEADER = YES;
				GCC_PREFIX_HEADER = "March22/March22-Prefix.pch";
				INFOPLIST_FILE = "March22/March22-Info.plist";
				PRODUCT_NAME = "$(TARGET_NAME)";
				WRAPPER_EXTENSION = app;
			};
			name = Debug;
		};
		4FC485841516856500CF2824 /* Release */ = {
			isa = XCBuildConfiguration;
			buildSettings = {
				GCC_PRECOMPILE_PREFIX_HEADER = YES;
				GCC_PREFIX_HEADER = "March22/March22-Prefix.pch";
				INFOPLIST_FILE = "March22/March22-Info.plist";
				PRODUCT_NAME = "$(TARGET_NAME)";
				WRAPPER_EXTENSION = app;
			};
			name = Release;
		};
/* End XCBuildConfiguration section */

/* Begin XCConfigurationList section */
		4FC485641516856400CF2824 /* Build configuration list for PBXProject "March22" */ = {
			isa = XCConfigurationList;
			buildConfigurations = (
				4FC485801516856500CF2824 /* Debug */,
				4FC485811516856500CF2824 /* Release */,
			);
			defaultConfigurationIsVisible = 0;
			defaultConfigurationName = Release;
		};
		4FC485821516856500CF2824 /* Build configuration list for PBXNativeTarget "March22" */ = {
			isa = XCConfigurationList;
			buildConfigurations = (
				4FC485831516856500CF2824 /* Debug */,
				4FC485841516856500CF2824 /* Release */,
			);
			defaultConfigurationIsVisible = 0;
		};
/* End XCConfigurationList section */
	};
	rootObject = 4FC485611516856400CF2824 /* Project object */;
}
